
Microsoft Visual Studio Solution File, Format Version 12.00
# Visual Studio Version 17
VisualStudioVersion = 17.4.33213.308
MinimumVisualStudioVersion = 10.0.40219.1
Project("{FAE04EC0-301F-11D3-BF4B-00C04F79EFBC}") = "9 - Classe frazione", "9 - Classe frazione\9 - Classe frazione.csproj", "{2A67C935-DE77-4956-B417-4D8F8C00EC17}"
EndProject
Global
	GlobalSection(SolutionConfigurationPlatforms) = preSolution
		Debug|Any CPU = Debug|Any CPU
		Release|Any CPU = Release|Any CPU
	EndGlobalSection
	GlobalSection(ProjectConfigurationPlatforms) = postSolution
		{2A67C935-DE77-4956-B417-4D8F8C00EC17}.Debug|Any CPU.ActiveCfg = Debug|Any CPU
		{2A67C935-DE77-4956-B417-4D8F8C00EC17}.Debug|Any CPU.Build.0 = Debug|Any CPU
		{2A67C935-DE77-4956-B417-4D8F8C00EC17}.Release|Any CPU.ActiveCfg = Release|Any CPU
		{2A67C935-DE77-4956-B417-4D8F8C00EC17}.Release|Any CPU.Build.0 = Release|Any CPU
	EndGlobalSection
	GlobalSection(SolutionProperties) = preSolution
		HideSolutionNode = FALSE
	EndGlobalSection
	GlobalSection(ExtensibilityGlobals) = postSolution
		SolutionGuid = {81CDA8DE-E409-4FA1-AFA8-1A18ED4799EC}
	EndGlobalSection
EndGlobal
